
Microsoft Visual Studio Solution File, Format Version 12.00
# Visual Studio Version 17
VisualStudioVersion = 17.9.34723.18
MinimumVisualStudioVersion = 10.0.40219.1
Project("{FAE04EC0-301F-11D3-BF4B-00C04F79EFBC}") = "PsiCollaboratorManager", "PsiCollaboratorManager\PsiCollaboratorManager.csproj", "{405D330B-A450-46E0-8E71-E38C667E77DE}"
EndProject
Project("{FAE04EC0-301F-11D3-BF4B-00C04F79EFBC}") = "PsiCollaborator.Data", "PsiCollaborator.Data\PsiCollaborator.Data.csproj", "{167C297A-8C3C-43AE-B0B4-D22ACB06ADCF}"
EndProject
Global
	GlobalSection(SolutionConfigurationPlatforms) = preSolution
		Debug|Any CPU = Debug|Any CPU
		Release|Any CPU = Release|Any CPU
	EndGlobalSection
	GlobalSection(ProjectConfigurationPlatforms) = postSolution
		{405D330B-A450-46E0-8E71-E38C667E77DE}.Debug|Any CPU.ActiveCfg = Debug|Any CPU
		{405D330B-A450-46E0-8E71-E38C667E77DE}.Debug|Any CPU.Build.0 = Debug|Any CPU
		{405D330B-A450-46E0-8E71-E38C667E77DE}.Release|Any CPU.ActiveCfg = Release|Any CPU
		{405D330B-A450-46E0-8E71-E38C667E77DE}.Release|Any CPU.Build.0 = Release|Any CPU
		{167C297A-8C3C-43AE-B0B4-D22ACB06ADCF}.Debug|Any CPU.ActiveCfg = Debug|Any CPU
		{167C297A-8C3C-43AE-B0B4-D22ACB06ADCF}.Debug|Any CPU.Build.0 = Debug|Any CPU
		{167C297A-8C3C-43AE-B0B4-D22ACB06ADCF}.Release|Any CPU.ActiveCfg = Release|Any CPU
		{167C297A-8C3C-43AE-B0B4-D22ACB06ADCF}.Release|Any CPU.Build.0 = Release|Any CPU
	EndGlobalSection
	GlobalSection(SolutionProperties) = preSolution
		HideSolutionNode = FALSE
	EndGlobalSection
	GlobalSection(ExtensibilityGlobals) = postSolution
		SolutionGuid = {44F25476-157B-43F7-82AF-40D33E2EF125}
	EndGlobalSection
EndGlobal
